
Microsoft Visual Studio Solution File, Format Version 12.00
# Visual Studio Version 18
VisualStudioVersion = 18.0.11205.157 d18.0
MinimumVisualStudioVersion = 10.0.40219.1
Project("{FAE04EC0-301F-11D3-BF4B-00C04F79EFBC}") = "SharpLabs.Common", "SharpLabs.Common\SharpLabs.Common.csproj", "{0E1206D7-E32E-4048-AEC0-1315E18EE012}"
EndProject
Project("{2150E333-8FDC-42A3-9474-1A3956D46DE8}") = "Lab1", "Lab1", "{ED13059D-E407-5174-3886-4FD5BEA505AB}"
EndProject
Project("{FAE04EC0-301F-11D3-BF4B-00C04F79EFBC}") = "Lab1.Library", "Lab1\Lab1.Library\Lab1.Library.csproj", "{C6A20640-1789-4D53-9AC2-05A2CEBB3E37}"
EndProject
Project("{FAE04EC0-301F-11D3-BF4B-00C04F79EFBC}") = "Lab1", "Lab1\Lab1\Lab1.csproj", "{1C16B26A-49BC-4D79-837C-8E978B020463}"
EndProject
Project("{2150E333-8FDC-42A3-9474-1A3956D46DE8}") = "Lab2", "Lab2", "{5C42C7CA-ADAE-0159-8BF5-5EB6C7A325EF}"
EndProject
Project("{FAE04EC0-301F-11D3-BF4B-00C04F79EFBC}") = "Lab2.Library", "Lab2\Lab2.Library\Lab2.Library.csproj", "{7C32E864-CD18-47A4-8E31-FC36D50F43EB}"
EndProject
Project("{FAE04EC0-301F-11D3-BF4B-00C04F79EFBC}") = "Lab2", "Lab2\Lab2\Lab2.csproj", "{E09451E3-582D-4650-ABC6-EF3DFB53B4A5}"
EndProject
Project("{2150E333-8FDC-42A3-9474-1A3956D46DE8}") = "Lab3", "Lab3", "{87B7E9C9-4035-1DCE-E58D-63E422A029CF}"
EndProject
Project("{FAE04EC0-301F-11D3-BF4B-00C04F79EFBC}") = "Lab3.Library", "Lab3\Lab3.Library\Lab3.Library.csproj", "{DD45D0FD-9EDC-47B6-BB17-E343877C3450}"
EndProject
Project("{FAE04EC0-301F-11D3-BF4B-00C04F79EFBC}") = "Lab3", "Lab3\Lab3\Lab3.csproj", "{32156ADD-286F-49D2-83E5-2A11342F83BA}"
EndProject
Project("{2150E333-8FDC-42A3-9474-1A3956D46DE8}") = "Lab4", "Lab4", "{A27D918D-BA35-9B07-9085-4B619D49ED1B}"
EndProject
Project("{FAE04EC0-301F-11D3-BF4B-00C04F79EFBC}") = "Lab4.Library", "Lab4\Lab4.Library\Lab4.Library.csproj", "{C5095E53-3AE4-4576-9DBB-6A831BECEDA2}"
EndProject
Project("{FAE04EC0-301F-11D3-BF4B-00C04F79EFBC}") = "Lab4", "Lab4\Lab4\Lab4.csproj", "{DE136281-96A4-48AA-B99E-1B6BB19FC103}"
EndProject
Project("{2150E333-8FDC-42A3-9474-1A3956D46DE8}") = "Lab5", "Lab5", "{AFD2E28E-1813-3585-10F3-95D964F36B3C}"
EndProject
Project("{FAE04EC0-301F-11D3-BF4B-00C04F79EFBC}") = "Lab5.Library", "Lab5\Lab5.Library\Lab5.Library.csproj", "{C2D2E8E9-2703-4D95-9D65-8EE0C8697A6A}"
EndProject
Project("{FAE04EC0-301F-11D3-BF4B-00C04F79EFBC}") = "Lab5", "Lab5\Lab5\Lab5.csproj", "{FF88D138-A8D4-4FEB-958F-19A2BC463666}"
EndProject
Project("{2150E333-8FDC-42A3-9474-1A3956D46DE8}") = "Lab6", "Lab6", "{B3F8A1C2-9D4E-5F67-A8B9-7C1D2E3F4A5B}"
EndProject
Project("{FAE04EC0-301F-11D3-BF4B-00C04F79EFBC}") = "Lab6.Library", "Lab6\Lab6.Library\Lab6.Library.csproj", "{A1B2C3D4-E5F6-7890-ABCD-EF1234567890}"
EndProject
Project("{FAE04EC0-301F-11D3-BF4B-00C04F79EFBC}") = "Lab6", "Lab6\Lab6\Lab6.csproj", "{B2C3D4E5-F6A7-8901-BCDE-F123456789AB}"
EndProject
Project("{2150E333-8FDC-42A3-9474-1A3956D46DE8}") = "Lab7", "Lab7", "{C4D5E6F7-A8B9-0123-CDEF-456789ABCDEF}"
EndProject
Project("{FAE04EC0-301F-11D3-BF4B-00C04F79EFBC}") = "Lab7.Library", "Lab7\Lab7.Library\Lab7.Library.csproj", "{D5E6F7A8-B9C0-1234-DEF0-56789ABCDEF0}"
EndProject
Project("{FAE04EC0-301F-11D3-BF4B-00C04F79EFBC}") = "Lab7", "Lab7\Lab7\Lab7.csproj", "{E6F7A8B9-C0D1-2345-EF01-6789ABCDEF01}"
EndProject
Project("{2150E333-8FDC-42A3-9474-1A3956D46DE8}") = "Lab8", "Lab8", "{F7A8B9C0-D1E2-3456-F012-789ABCDEF012}"
EndProject
Project("{FAE04EC0-301F-11D3-BF4B-00C04F79EFBC}") = "Lab8.Library", "Lab8\Lab8.Library\Lab8.Library.csproj", "{A8B9C0D1-E2F3-4567-0123-89ABCDEF0123}"
EndProject
Project("{FAE04EC0-301F-11D3-BF4B-00C04F79EFBC}") = "Lab8", "Lab8\Lab8\Lab8.csproj", "{B9C0D1E2-F3A4-5678-1234-9ABCDEF01234}"
EndProject
Global
	GlobalSection(SolutionConfigurationPlatforms) = preSolution
		Debug|Any CPU = Debug|Any CPU
		Debug|x64 = Debug|x64
		Debug|x86 = Debug|x86
		Release|Any CPU = Release|Any CPU
		Release|x64 = Release|x64
		Release|x86 = Release|x86
	EndGlobalSection
	GlobalSection(ProjectConfigurationPlatforms) = postSolution
		{0E1206D7-E32E-4048-AEC0-1315E18EE012}.Debug|Any CPU.ActiveCfg = Debug|Any CPU
		{0E1206D7-E32E-4048-AEC0-1315E18EE012}.Debug|Any CPU.Build.0 = Debug|Any CPU
		{0E1206D7-E32E-4048-AEC0-1315E18EE012}.Debug|x64.ActiveCfg = Debug|Any CPU
		{0E1206D7-E32E-4048-AEC0-1315E18EE012}.Debug|x64.Build.0 = Debug|Any CPU
		{0E1206D7-E32E-4048-AEC0-1315E18EE012}.Debug|x86.ActiveCfg = Debug|Any CPU
		{0E1206D7-E32E-4048-AEC0-1315E18EE012}.Debug|x86.Build.0 = Debug|Any CPU
		{0E1206D7-E32E-4048-AEC0-1315E18EE012}.Release|Any CPU.ActiveCfg = Release|Any CPU
		{0E1206D7-E32E-4048-AEC0-1315E18EE012}.Release|Any CPU.Build.0 = Release|Any CPU
		{0E1206D7-E32E-4048-AEC0-1315E18EE012}.Release|x64.ActiveCfg = Release|Any CPU
		{0E1206D7-E32E-4048-AEC0-1315E18EE012}.Release|x64.Build.0 = Release|Any CPU
		{0E1206D7-E32E-4048-AEC0-1315E18EE012}.Release|x86.ActiveCfg = Release|Any CPU
		{0E1206D7-E32E-4048-AEC0-1315E18EE012}.Release|x86.Build.0 = Release|Any CPU
		{C6A20640-1789-4D53-9AC2-05A2CEBB3E37}.Debug|Any CPU.ActiveCfg = Debug|Any CPU
		{C6A20640-1789-4D53-9AC2-05A2CEBB3E37}.Debug|Any CPU.Build.0 = Debug|Any CPU
		{C6A20640-1789-4D53-9AC2-05A2CEBB3E37}.Debug|x64.ActiveCfg = Debug|Any CPU
		{C6A20640-1789-4D53-9AC2-05A2CEBB3E37}.Debug|x64.Build.0 = Debug|Any CPU
		{C6A20640-1789-4D53-9AC2-05A2CEBB3E37}.Debug|x86.ActiveCfg = Debug|Any CPU
		{C6A20640-1789-4D53-9AC2-05A2CEBB3E37}.Debug|x86.Build.0 = Debug|Any CPU
		{C6A20640-1789-4D53-9AC2-05A2CEBB3E37}.Release|Any CPU.ActiveCfg = Release|Any CPU
		{C6A20640-1789-4D53-9AC2-05A2CEBB3E37}.Release|Any CPU.Build.0 = Release|Any CPU
		{C6A20640-1789-4D53-9AC2-05A2CEBB3E37}.Release|x64.ActiveCfg = Release|Any CPU
		{C6A20640-1789-4D53-9AC2-05A2CEBB3E37}.Release|x64.Build.0 = Release|Any CPU
		{C6A20640-1789-4D53-9AC2-05A2CEBB3E37}.Release|x86.ActiveCfg = Release|Any CPU
		{C6A20640-1789-4D53-9AC2-05A2CEBB3E37}.Release|x86.Build.0 = Release|Any CPU
		{1C16B26A-49BC-4D79-837C-8E978B020463}.Debug|Any CPU.ActiveCfg = Debug|Any CPU
		{1C16B26A-49BC-4D79-837C-8E978B020463}.Debug|Any CPU.Build.0 = Debug|Any CPU
		{1C16B26A-49BC-4D79-837C-8E978B020463}.Debug|x64.ActiveCfg = Debug|Any CPU
		{1C16B26A-49BC-4D79-837C-8E978B020463}.Debug|x64.Build.0 = Debug|Any CPU
		{1C16B26A-49BC-4D79-837C-8E978B020463}.Debug|x86.ActiveCfg = Debug|Any CPU
		{1C16B26A-49BC-4D79-837C-8E978B020463}.Debug|x86.Build.0 = Debug|Any CPU
		{1C16B26A-49BC-4D79-837C-8E978B020463}.Release|Any CPU.ActiveCfg = Release|Any CPU
		{1C16B26A-49BC-4D79-837C-8E978B020463}.Release|Any CPU.Build.0 = Release|Any CPU
		{1C16B26A-49BC-4D79-837C-8E978B020463}.Release|x64.ActiveCfg = Release|Any CPU
		{1C16B26A-49BC-4D79-837C-8E978B020463}.Release|x64.Build.0 = Release|Any CPU
		{1C16B26A-49BC-4D79-837C-8E978B020463}.Release|x86.ActiveCfg = Release|Any CPU
		{1C16B26A-49BC-4D79-837C-8E978B020463}.Release|x86.Build.0 = Release|Any CPU
		{7C32E864-CD18-47A4-8E31-FC36D50F43EB}.Debug|Any CPU.ActiveCfg = Debug|Any CPU
		{7C32E864-CD18-47A4-8E31-FC36D50F43EB}.Debug|Any CPU.Build.0 = Debug|Any CPU
		{7C32E864-CD18-47A4-8E31-FC36D50F43EB}.Debug|x64.ActiveCfg = Debug|Any CPU
		{7C32E864-CD18-47A4-8E31-FC36D50F43EB}.Debug|x64.Build.0 = Debug|Any CPU
		{7C32E864-CD18-47A4-8E31-FC36D50F43EB}.Debug|x86.ActiveCfg = Debug|Any CPU
		{7C32E864-CD18-47A4-8E31-FC36D50F43EB}.Debug|x86.Build.0 = Debug|Any CPU
		{7C32E864-CD18-47A4-8E31-FC36D50F43EB}.Release|Any CPU.ActiveCfg = Release|Any CPU
		{7C32E864-CD18-47A4-8E31-FC36D50F43EB}.Release|Any CPU.Build.0 = Release|Any CPU
		{7C32E864-CD18-47A4-8E31-FC36D50F43EB}.Release|x64.ActiveCfg = Release|Any CPU
		{7C32E864-CD18-47A4-8E31-FC36D50F43EB}.Release|x64.Build.0 = Release|Any CPU
		{7C32E864-CD18-47A4-8E31-FC36D50F43EB}.Release|x86.ActiveCfg = Release|Any CPU
		{7C32E864-CD18-47A4-8E31-FC36D50F43EB}.Release|x86.Build.0 = Release|Any CPU
		{E09451E3-582D-4650-ABC6-EF3DFB53B4A5}.Debug|Any CPU.ActiveCfg = Debug|Any CPU
		{E09451E3-582D-4650-ABC6-EF3DFB53B4A5}.Debug|Any CPU.Build.0 = Debug|Any CPU
		{E09451E3-582D-4650-ABC6-EF3DFB53B4A5}.Debug|x64.ActiveCfg = Debug|Any CPU
		{E09451E3-582D-4650-ABC6-EF3DFB53B4A5}.Debug|x64.Build.0 = Debug|Any CPU
		{E09451E3-582D-4650-ABC6-EF3DFB53B4A5}.Debug|x86.ActiveCfg = Debug|Any CPU
		{E09451E3-582D-4650-ABC6-EF3DFB53B4A5}.Debug|x86.Build.0 = Debug|Any CPU
		{E09451E3-582D-4650-ABC6-EF3DFB53B4A5}.Release|Any CPU.ActiveCfg = Release|Any CPU
		{E09451E3-582D-4650-ABC6-EF3DFB53B4A5}.Release|Any CPU.Build.0 = Release|Any CPU
		{E09451E3-582D-4650-ABC6-EF3DFB53B4A5}.Release|x64.ActiveCfg = Release|Any CPU
		{E09451E3-582D-4650-ABC6-EF3DFB53B4A5}.Release|x64.Build.0 = Release|Any CPU
		{E09451E3-582D-4650-ABC6-EF3DFB53B4A5}.Release|x86.ActiveCfg = Release|Any CPU
		{E09451E3-582D-4650-ABC6-EF3DFB53B4A5}.Release|x86.Build.0 = Release|Any CPU
		{DD45D0FD-9EDC-47B6-BB17-E343877C3450}.Debug|Any CPU.ActiveCfg = Debug|Any CPU
		{DD45D0FD-9EDC-47B6-BB17-E343877C3450}.Debug|Any CPU.Build.0 = Debug|Any CPU
		{DD45D0FD-9EDC-47B6-BB17-E343877C3450}.Debug|x64.ActiveCfg = Debug|Any CPU
		{DD45D0FD-9EDC-47B6-BB17-E343877C3450}.Debug|x64.Build.0 = Debug|Any CPU
		{DD45D0FD-9EDC-47B6-BB17-E343877C3450}.Debug|x86.ActiveCfg = Debug|Any CPU
		{DD45D0FD-9EDC-47B6-BB17-E343877C3450}.Debug|x86.Build.0 = Debug|Any CPU
		{DD45D0FD-9EDC-47B6-BB17-E343877C3450}.Release|Any CPU.ActiveCfg = Release|Any CPU
		{DD45D0FD-9EDC-47B6-BB17-E343877C3450}.Release|Any CPU.Build.0 = Release|Any CPU
		{DD45D0FD-9EDC-47B6-BB17-E343877C3450}.Release|x64.ActiveCfg = Release|Any CPU
		{DD45D0FD-9EDC-47B6-BB17-E343877C3450}.Release|x64.Build.0 = Release|Any CPU
		{DD45D0FD-9EDC-47B6-BB17-E343877C3450}.Release|x86.ActiveCfg = Release|Any CPU
		{DD45D0FD-9EDC-47B6-BB17-E343877C3450}.Release|x86.Build.0 = Release|Any CPU
		{32156ADD-286F-49D2-83E5-2A11342F83BA}.Debug|Any CPU.ActiveCfg = Debug|Any CPU
		{32156ADD-286F-49D2-83E5-2A11342F83BA}.Debug|Any CPU.Build.0 = Debug|Any CPU
		{32156ADD-286F-49D2-83E5-2A11342F83BA}.Debug|x64.ActiveCfg = Debug|Any CPU
		{32156ADD-286F-49D2-83E5-2A11342F83BA}.Debug|x64.Build.0 = Debug|Any CPU
		{32156ADD-286F-49D2-83E5-2A11342F83BA}.Debug|x86.ActiveCfg = Debug|Any CPU
		{32156ADD-286F-49D2-83E5-2A11342F83BA}.Debug|x86.Build.0 = Debug|Any CPU
		{32156ADD-286F-49D2-83E5-2A11342F83BA}.Release|Any CPU.ActiveCfg = Release|Any CPU
		{32156ADD-286F-49D2-83E5-2A11342F83BA}.Release|Any CPU.Build.0 = Release|Any CPU
		{32156ADD-286F-49D2-83E5-2A11342F83BA}.Release|x64.ActiveCfg = Release|Any CPU
		{32156ADD-286F-49D2-83E5-2A11342F83BA}.Release|x64.Build.0 = Release|Any CPU
		{32156ADD-286F-49D2-83E5-2A11342F83BA}.Release|x86.ActiveCfg = Release|Any CPU
		{32156ADD-286F-49D2-83E5-2A11342F83BA}.Release|x86.Build.0 = Release|Any CPU
		{C5095E53-3AE4-4576-9DBB-6A831BECEDA2}.Debug|Any CPU.ActiveCfg = Debug|Any CPU
		{C5095E53-3AE4-4576-9DBB-6A831BECEDA2}.Debug|Any CPU.Build.0 = Debug|Any CPU
		{C5095E53-3AE4-4576-9DBB-6A831BECEDA2}.Debug|x64.ActiveCfg = Debug|Any CPU
		{C5095E53-3AE4-4576-9DBB-6A831BECEDA2}.Debug|x64.Build.0 = Debug|Any CPU
		{C5095E53-3AE4-4576-9DBB-6A831BECEDA2}.Debug|x86.ActiveCfg = Debug|Any CPU
		{C5095E53-3AE4-4576-9DBB-6A831BECEDA2}.Debug|x86.Build.0 = Debug|Any CPU
		{C5095E53-3AE4-4576-9DBB-6A831BECEDA2}.Release|Any CPU.ActiveCfg = Release|Any CPU
		{C5095E53-3AE4-4576-9DBB-6A831BECEDA2}.Release|Any CPU.Build.0 = Release|Any CPU
		{C5095E53-3AE4-4576-9DBB-6A831BECEDA2}.Release|x64.ActiveCfg = Release|Any CPU
		{C5095E53-3AE4-4576-9DBB-6A831BECEDA2}.Release|x64.Build.0 = Release|Any CPU
		{C5095E53-3AE4-4576-9DBB-6A831BECEDA2}.Release|x86.ActiveCfg = Release|Any CPU
		{C5095E53-3AE4-4576-9DBB-6A831BECEDA2}.Release|x86.Build.0 = Release|Any CPU
		{DE136281-96A4-48AA-B99E-1B6BB19FC103}.Debug|Any CPU.ActiveCfg = Debug|Any CPU
		{DE136281-96A4-48AA-B99E-1B6BB19FC103}.Debug|Any CPU.Build.0 = Debug|Any CPU
		{DE136281-96A4-48AA-B99E-1B6BB19FC103}.Debug|x64.ActiveCfg = Debug|Any CPU
		{DE136281-96A4-48AA-B99E-1B6BB19FC103}.Debug|x64.Build.0 = Debug|Any CPU
		{DE136281-96A4-48AA-B99E-1B6BB19FC103}.Debug|x86.ActiveCfg = Debug|Any CPU
		{DE136281-96A4-48AA-B99E-1B6BB19FC103}.Debug|x86.Build.0 = Debug|Any CPU
		{DE136281-96A4-48AA-B99E-1B6BB19FC103}.Release|Any CPU.ActiveCfg = Release|Any CPU
		{DE136281-96A4-48AA-B99E-1B6BB19FC103}.Release|Any CPU.Build.0 = Release|Any CPU
		{DE136281-96A4-48AA-B99E-1B6BB19FC103}.Release|x64.ActiveCfg = Release|Any CPU
		{DE136281-96A4-48AA-B99E-1B6BB19FC103}.Release|x64.Build.0 = Release|Any CPU
		{DE136281-96A4-48AA-B99E-1B6BB19FC103}.Release|x86.ActiveCfg = Release|Any CPU
		{DE136281-96A4-48AA-B99E-1B6BB19FC103}.Release|x86.Build.0 = Release|Any CPU
		{C2D2E8E9-2703-4D95-9D65-8EE0C8697A6A}.Debug|Any CPU.ActiveCfg = Debug|Any CPU
		{C2D2E8E9-2703-4D95-9D65-8EE0C8697A6A}.Debug|Any CPU.Build.0 = Debug|Any CPU
		{C2D2E8E9-2703-4D95-9D65-8EE0C8697A6A}.Debug|x64.ActiveCfg = Debug|Any CPU
		{C2D2E8E9-2703-4D95-9D65-8EE0C8697A6A}.Debug|x64.Build.0 = Debug|Any CPU
		{C2D2E8E9-2703-4D95-9D65-8EE0C8697A6A}.Debug|x86.ActiveCfg = Debug|Any CPU
		{C2D2E8E9-2703-4D95-9D65-8EE0C8697A6A}.Debug|x86.Build.0 = Debug|Any CPU
		{C2D2E8E9-2703-4D95-9D65-8EE0C8697A6A}.Release|Any CPU.ActiveCfg = Release|Any CPU
		{C2D2E8E9-2703-4D95-9D65-8EE0C8697A6A}.Release|Any CPU.Build.0 = Release|Any CPU
		{C2D2E8E9-2703-4D95-9D65-8EE0C8697A6A}.Release|x64.ActiveCfg = Release|Any CPU
		{C2D2E8E9-2703-4D95-9D65-8EE0C8697A6A}.Release|x64.Build.0 = Release|Any CPU
		{C2D2E8E9-2703-4D95-9D65-8EE0C8697A6A}.Release|x86.ActiveCfg = Release|Any CPU
		{C2D2E8E9-2703-4D95-9D65-8EE0C8697A6A}.Release|x86.Build.0 = Release|Any CPU
		{FF88D138-A8D4-4FEB-958F-19A2BC463666}.Debug|Any CPU.ActiveCfg = Debug|Any CPU
		{FF88D138-A8D4-4FEB-958F-19A2BC463666}.Debug|Any CPU.Build.0 = Debug|Any CPU
		{FF88D138-A8D4-4FEB-958F-19A2BC463666}.Debug|x64.ActiveCfg = Debug|Any CPU
		{FF88D138-A8D4-4FEB-958F-19A2BC463666}.Debug|x64.Build.0 = Debug|Any CPU
		{FF88D138-A8D4-4FEB-958F-19A2BC463666}.Debug|x86.ActiveCfg = Debug|Any CPU
		{FF88D138-A8D4-4FEB-958F-19A2BC463666}.Debug|x86.Build.0 = Debug|Any CPU
		{FF88D138-A8D4-4FEB-958F-19A2BC463666}.Release|Any CPU.ActiveCfg = Release|Any CPU
		{FF88D138-A8D4-4FEB-958F-19A2BC463666}.Release|Any CPU.Build.0 = Release|Any CPU
		{FF88D138-A8D4-4FEB-958F-19A2BC463666}.Release|x64.ActiveCfg = Release|Any CPU
		{FF88D138-A8D4-4FEB-958F-19A2BC463666}.Release|x64.Build.0 = Release|Any CPU
		{FF88D138-A8D4-4FEB-958F-19A2BC463666}.Release|x86.ActiveCfg = Release|Any CPU
		{FF88D138-A8D4-4FEB-958F-19A2BC463666}.Release|x86.Build.0 = Release|Any CPU
		{A1B2C3D4-E5F6-7890-ABCD-EF1234567890}.Debug|Any CPU.ActiveCfg = Debug|Any CPU
		{A1B2C3D4-E5F6-7890-ABCD-EF1234567890}.Debug|Any CPU.Build.0 = Debug|Any CPU
		{A1B2C3D4-E5F6-7890-ABCD-EF1234567890}.Debug|x64.ActiveCfg = Debug|Any CPU
		{A1B2C3D4-E5F6-7890-ABCD-EF1234567890}.Debug|x64.Build.0 = Debug|Any CPU
		{A1B2C3D4-E5F6-7890-ABCD-EF1234567890}.Debug|x86.ActiveCfg = Debug|Any CPU
		{A1B2C3D4-E5F6-7890-ABCD-EF1234567890}.Debug|x86.Build.0 = Debug|Any CPU
		{A1B2C3D4-E5F6-7890-ABCD-EF1234567890}.Release|Any CPU.ActiveCfg = Release|Any CPU
		{A1B2C3D4-E5F6-7890-ABCD-EF1234567890}.Release|Any CPU.Build.0 = Release|Any CPU
		{A1B2C3D4-E5F6-7890-ABCD-EF1234567890}.Release|x64.ActiveCfg = Release|Any CPU
		{A1B2C3D4-E5F6-7890-ABCD-EF1234567890}.Release|x64.Build.0 = Release|Any CPU
		{A1B2C3D4-E5F6-7890-ABCD-EF1234567890}.Release|x86.ActiveCfg = Release|Any CPU
		{A1B2C3D4-E5F6-7890-ABCD-EF1234567890}.Release|x86.Build.0 = Release|Any CPU
		{B2C3D4E5-F6A7-8901-BCDE-F123456789AB}.Debug|Any CPU.ActiveCfg = Debug|Any CPU
		{B2C3D4E5-F6A7-8901-BCDE-F123456789AB}.Debug|Any CPU.Build.0 = Debug|Any CPU
		{B2C3D4E5-F6A7-8901-BCDE-F123456789AB}.Debug|x64.ActiveCfg = Debug|Any CPU
		{B2C3D4E5-F6A7-8901-BCDE-F123456789AB}.Debug|x64.Build.0 = Debug|Any CPU
		{B2C3D4E5-F6A7-8901-BCDE-F123456789AB}.Debug|x86.ActiveCfg = Debug|Any CPU
		{B2C3D4E5-F6A7-8901-BCDE-F123456789AB}.Debug|x86.Build.0 = Debug|Any CPU
		{B2C3D4E5-F6A7-8901-BCDE-F123456789AB}.Release|Any CPU.ActiveCfg = Release|Any CPU
		{B2C3D4E5-F6A7-8901-BCDE-F123456789AB}.Release|Any CPU.Build.0 = Release|Any CPU
		{B2C3D4E5-F6A7-8901-BCDE-F123456789AB}.Release|x64.ActiveCfg = Release|Any CPU
		{B2C3D4E5-F6A7-8901-BCDE-F123456789AB}.Release|x64.Build.0 = Release|Any CPU
		{B2C3D4E5-F6A7-8901-BCDE-F123456789AB}.Release|x86.ActiveCfg = Release|Any CPU
		{B2C3D4E5-F6A7-8901-BCDE-F123456789AB}.Release|x86.Build.0 = Release|Any CPU
		{D5E6F7A8-B9C0-1234-DEF0-56789ABCDEF0}.Debug|Any CPU.ActiveCfg = Debug|Any CPU
		{D5E6F7A8-B9C0-1234-DEF0-56789ABCDEF0}.Debug|Any CPU.Build.0 = Debug|Any CPU
		{D5E6F7A8-B9C0-1234-DEF0-56789ABCDEF0}.Debug|x64.ActiveCfg = Debug|Any CPU
		{D5E6F7A8-B9C0-1234-DEF0-56789ABCDEF0}.Debug|x64.Build.0 = Debug|Any CPU
		{D5E6F7A8-B9C0-1234-DEF0-56789ABCDEF0}.Debug|x86.ActiveCfg = Debug|Any CPU
		{D5E6F7A8-B9C0-1234-DEF0-56789ABCDEF0}.Debug|x86.Build.0 = Debug|Any CPU
		{D5E6F7A8-B9C0-1234-DEF0-56789ABCDEF0}.Release|Any CPU.ActiveCfg = Release|Any CPU
		{D5E6F7A8-B9C0-1234-DEF0-56789ABCDEF0}.Release|Any CPU.Build.0 = Release|Any CPU
		{D5E6F7A8-B9C0-1234-DEF0-56789ABCDEF0}.Release|x64.ActiveCfg = Release|Any CPU
		{D5E6F7A8-B9C0-1234-DEF0-56789ABCDEF0}.Release|x64.Build.0 = Release|Any CPU
		{D5E6F7A8-B9C0-1234-DEF0-56789ABCDEF0}.Release|x86.ActiveCfg = Release|Any CPU
		{D5E6F7A8-B9C0-1234-DEF0-56789ABCDEF0}.Release|x86.Build.0 = Release|Any CPU
		{E6F7A8B9-C0D1-2345-EF01-6789ABCDEF01}.Debug|Any CPU.ActiveCfg = Debug|Any CPU
		{E6F7A8B9-C0D1-2345-EF01-6789ABCDEF01}.Debug|Any CPU.Build.0 = Debug|Any CPU
		{E6F7A8B9-C0D1-2345-EF01-6789ABCDEF01}.Debug|x64.ActiveCfg = Debug|Any CPU
		{E6F7A8B9-C0D1-2345-EF01-6789ABCDEF01}.Debug|x64.Build.0 = Debug|Any CPU
		{E6F7A8B9-C0D1-2345-EF01-6789ABCDEF01}.Debug|x86.ActiveCfg = Debug|Any CPU
		{E6F7A8B9-C0D1-2345-EF01-6789ABCDEF01}.Debug|x86.Build.0 = Debug|Any CPU
		{E6F7A8B9-C0D1-2345-EF01-6789ABCDEF01}.Release|Any CPU.ActiveCfg = Release|Any CPU
		{E6F7A8B9-C0D1-2345-EF01-6789ABCDEF01}.Release|Any CPU.Build.0 = Release|Any CPU
		{E6F7A8B9-C0D1-2345-EF01-6789ABCDEF01}.Release|x64.ActiveCfg = Release|Any CPU
		{E6F7A8B9-C0D1-2345-EF01-6789ABCDEF01}.Release|x64.Build.0 = Release|Any CPU
		{E6F7A8B9-C0D1-2345-EF01-6789ABCDEF01}.Release|x86.ActiveCfg = Release|Any CPU
		{E6F7A8B9-C0D1-2345-EF01-6789ABCDEF01}.Release|x86.Build.0 = Release|Any CPU
		{A8B9C0D1-E2F3-4567-0123-89ABCDEF0123}.Debug|Any CPU.ActiveCfg = Debug|Any CPU
		{A8B9C0D1-E2F3-4567-0123-89ABCDEF0123}.Debug|Any CPU.Build.0 = Debug|Any CPU
		{A8B9C0D1-E2F3-4567-0123-89ABCDEF0123}.Debug|x64.ActiveCfg = Debug|Any CPU
		{A8B9C0D1-E2F3-4567-0123-89ABCDEF0123}.Debug|x64.Build.0 = Debug|Any CPU
		{A8B9C0D1-E2F3-4567-0123-89ABCDEF0123}.Debug|x86.ActiveCfg = Debug|Any CPU
		{A8B9C0D1-E2F3-4567-0123-89ABCDEF0123}.Debug|x86.Build.0 = Debug|Any CPU
		{A8B9C0D1-E2F3-4567-0123-89ABCDEF0123}.Release|Any CPU.ActiveCfg = Release|Any CPU
		{A8B9C0D1-E2F3-4567-0123-89ABCDEF0123}.Release|Any CPU.Build.0 = Release|Any CPU
		{A8B9C0D1-E2F3-4567-0123-89ABCDEF0123}.Release|x64.ActiveCfg = Release|Any CPU
		{A8B9C0D1-E2F3-4567-0123-89ABCDEF0123}.Release|x64.Build.0 = Release|Any CPU
		{A8B9C0D1-E2F3-4567-0123-89ABCDEF0123}.Release|x86.ActiveCfg = Release|Any CPU
		{A8B9C0D1-E2F3-4567-0123-89ABCDEF0123}.Release|x86.Build.0 = Release|Any CPU
		{B9C0D1E2-F3A4-5678-1234-9ABCDEF01234}.Debug|Any CPU.ActiveCfg = Debug|Any CPU
		{B9C0D1E2-F3A4-5678-1234-9ABCDEF01234}.Debug|Any CPU.Build.0 = Debug|Any CPU
		{B9C0D1E2-F3A4-5678-1234-9ABCDEF01234}.Debug|x64.ActiveCfg = Debug|Any CPU
		{B9C0D1E2-F3A4-5678-1234-9ABCDEF01234}.Debug|x64.Build.0 = Debug|Any CPU
		{B9C0D1E2-F3A4-5678-1234-9ABCDEF01234}.Debug|x86.ActiveCfg = Debug|Any CPU
		{B9C0D1E2-F3A4-5678-1234-9ABCDEF01234}.Debug|x86.Build.0 = Debug|Any CPU
		{B9C0D1E2-F3A4-5678-1234-9ABCDEF01234}.Release|Any CPU.ActiveCfg = Release|Any CPU
		{B9C0D1E2-F3A4-5678-1234-9ABCDEF01234}.Release|Any CPU.Build.0 = Release|Any CPU
		{B9C0D1E2-F3A4-5678-1234-9ABCDEF01234}.Release|x64.ActiveCfg = Release|Any CPU
		{B9C0D1E2-F3A4-5678-1234-9ABCDEF01234}.Release|x64.Build.0 = Release|Any CPU
		{B9C0D1E2-F3A4-5678-1234-9ABCDEF01234}.Release|x86.ActiveCfg = Release|Any CPU
		{B9C0D1E2-F3A4-5678-1234-9ABCDEF01234}.Release|x86.Build.0 = Release|Any CPU
	EndGlobalSection
	GlobalSection(SolutionProperties) = preSolution
		HideSolutionNode = FALSE
	EndGlobalSection
	GlobalSection(NestedProjects) = preSolution
		{C6A20640-1789-4D53-9AC2-05A2CEBB3E37} = {ED13059D-E407-5174-3886-4FD5BEA505AB}
		{1C16B26A-49BC-4D79-837C-8E978B020463} = {ED13059D-E407-5174-3886-4FD5BEA505AB}
		{7C32E864-CD18-47A4-8E31-FC36D50F43EB} = {5C42C7CA-ADAE-0159-8BF5-5EB6C7A325EF}
		{E09451E3-582D-4650-ABC6-EF3DFB53B4A5} = {5C42C7CA-ADAE-0159-8BF5-5EB6C7A325EF}
		{DD45D0FD-9EDC-47B6-BB17-E343877C3450} = {87B7E9C9-4035-1DCE-E58D-63E422A029CF}
		{32156ADD-286F-49D2-83E5-2A11342F83BA} = {87B7E9C9-4035-1DCE-E58D-63E422A029CF}
		{C5095E53-3AE4-4576-9DBB-6A831BECEDA2} = {A27D918D-BA35-9B07-9085-4B619D49ED1B}
		{DE136281-96A4-48AA-B99E-1B6BB19FC103} = {A27D918D-BA35-9B07-9085-4B619D49ED1B}
		{C2D2E8E9-2703-4D95-9D65-8EE0C8697A6A} = {AFD2E28E-1813-3585-10F3-95D964F36B3C}
		{FF88D138-A8D4-4FEB-958F-19A2BC463666} = {AFD2E28E-1813-3585-10F3-95D964F36B3C}
		{A1B2C3D4-E5F6-7890-ABCD-EF1234567890} = {B3F8A1C2-9D4E-5F67-A8B9-7C1D2E3F4A5B}
		{B2C3D4E5-F6A7-8901-BCDE-F123456789AB} = {B3F8A1C2-9D4E-5F67-A8B9-7C1D2E3F4A5B}
		{D5E6F7A8-B9C0-1234-DEF0-56789ABCDEF0} = {C4D5E6F7-A8B9-0123-CDEF-456789ABCDEF}
		{E6F7A8B9-C0D1-2345-EF01-6789ABCDEF01} = {C4D5E6F7-A8B9-0123-CDEF-456789ABCDEF}
		{A8B9C0D1-E2F3-4567-0123-89ABCDEF0123} = {F7A8B9C0-D1E2-3456-F012-789ABCDEF012}
		{B9C0D1E2-F3A4-5678-1234-9ABCDEF01234} = {F7A8B9C0-D1E2-3456-F012-789ABCDEF012}
	EndGlobalSection
EndGlobal
